NeoBundleLock FuzzyFinder b9f165970346df55862853dd83c8a4f2b2b70262
NeoBundleLock L9 c822b05ee0886f9a9703227dc85a6d47612c4bf1
NeoBundleLock MatchTagAlways e59a8d1315343ff76802f0a44ff8b59e999d83f4
NeoBundleLock ag.vim 6600953fc7c85ca43216abf4765118994bf0cc5f
NeoBundleLock ctrlp.vim 564176f01d7f3f7f8ab452ff4e1f5314de7b0981
NeoBundleLock editorconfig-vim ac5ec0a841fbb1a79bd799c3c185a65f44bc14f0
NeoBundleLock emmet-vim 41f005e74095cfb516386338aececadbd8478247
NeoBundleLock fzf 68c84264af17e735102957a5263026e3f96b1cb7
NeoBundleLock fzf.vim 00fdb54c9d64082d978504be84b1ff704d12437a
NeoBundleLock golden-ratio 1862c76ec2279ba8d5de4bf016b70067668b3be3
NeoBundleLock indentLine 9cb94e17354d98d6fb4f59b243144d4d34d0b654
NeoBundleLock neobundle.vim 0541b3becbb796a3a4c58c91620cde664527179b
NeoBundleLock nerdtree 4ebbb533c3faf2c480211db2b547972bb3b60f2b
NeoBundleLock php.vim ca56841fa787d094e2f7d816e2a2db6fdb3ea65f
NeoBundleLock scss-syntax.vim a834e4357dd91252b507a6893ef19e8d932c5f83
NeoBundleLock syntastic 189be0ae74372c13d5a87c72753a86e796812b58
NeoBundleLock taglist.vim 53041fbc45398a9af631a20657e109707a455339
NeoBundleLock tcomment_vim 8955e2ee67194de3b6b763b7f01e3c164411c0e6
NeoBundleLock terminus 649e8b3811ffeb7f8bdd91ece2e7a194ce5565e9
NeoBundleLock ultisnips dbd43ad27cbfed14c9dc3de6d5acb5f4edb8f649
NeoBundleLock vim-airline 01383136565840a63aa056b82c74be40afcb8ba3
NeoBundleLock vim-blade 9e6c41ba8c88c020c862eac432b34c47abd67c87
NeoBundleLock vim-coffee-script 32fe889b8cafd3a4921ef8e6485156453ff58c42
NeoBundleLock vim-coloresque 0c21b1469993e610600e88e734ffe90b9c10a514
NeoBundleLock vim-fugitive 18d6d1ab82d9ac15586d7d3c1a36f9ef6fb50eae
NeoBundleLock vim-gitgutter f52f875fc7b25b601366bd6c0d67c53ad84f9559
NeoBundleLock vim-go b26351b55a7a44e29f1bde3b82ead43a6980760d
NeoBundleLock vim-hybrid-material aa3216e1240eb39d3354fd808e72d63251bec69b
NeoBundleLock vim-jade 999cd2859a7772de707a70afc97f5a7d41a82df9
NeoBundleLock vim-less 6fae407f7ed666a6dd0fb596e67df8787dccca59
NeoBundleLock vim-multiple-cursors 0dfd3f91b0ea1c70be8873d0a9e5c7d00369610f
NeoBundleLock vim-mustache-handlebars d1c983f3dd9a159c128c5192062caf7d47fd0f14
NeoBundleLock vim-phpunit 6c71c9fc00045bb8a919af61060f2040bceae57c
NeoBundleLock vim-stylus 0514757a4795843978517ee73d7fa7d8bf2e5545
NeoBundleLock vim-vue 3986d9002d479bf45fd5572bd8658f421a03dd92
NeoBundleLock vimagit c5e02fb95120467cf9ab9b9b2462fe122eb2e59c
NeoBundleLock yajs.vim 8e43a97e0f55303b9bc3a1c36c8f943bd1d38a71
