NeoBundleLock FuzzyFinder b9f165970346df55862853dd83c8a4f2b2b70262
NeoBundleLock L9 c822b05ee0886f9a9703227dc85a6d47612c4bf1
NeoBundleLock ag.vim 6600953fc7c85ca43216abf4765118994bf0cc5f
NeoBundleLock ctrlp.vim 564176f01d7f3f7f8ab452ff4e1f5314de7b0981
NeoBundleLock editorconfig-vim ac5ec0a841fbb1a79bd799c3c185a65f44bc14f0
NeoBundleLock emmet-vim 41f005e74095cfb516386338aececadbd8478247
NeoBundleLock neobundle.vim 0541b3becbb796a3a4c58c91620cde664527179b
NeoBundleLock nerdtree 4ebbb533c3faf2c480211db2b547972bb3b60f2b
NeoBundleLock php.vim ca56841fa787d094e2f7d816e2a2db6fdb3ea65f
NeoBundleLock scss-syntax.vim a834e4357dd91252b507a6893ef19e8d932c5f83
NeoBundleLock syntastic 189be0ae74372c13d5a87c72753a86e796812b58
NeoBundleLock taglist.vim 53041fbc45398a9af631a20657e109707a455339
NeoBundleLock ultisnips dbd43ad27cbfed14c9dc3de6d5acb5f4edb8f649
NeoBundleLock vim-airline 01383136565840a63aa056b82c74be40afcb8ba3
NeoBundleLock vim-blade 9e6c41ba8c88c020c862eac432b34c47abd67c87
NeoBundleLock vim-coffee-script 32fe889b8cafd3a4921ef8e6485156453ff58c42
NeoBundleLock vim-colorschemes 28a989b28457e38df620e4c7ab23e224aff70efe
NeoBundleLock vim-commentary e0f4850d78137a35b9461c530078bd77f39e4dce
NeoBundleLock vim-fugitive 18d6d1ab82d9ac15586d7d3c1a36f9ef6fb50eae
NeoBundleLock vim-gitgutter f52f875fc7b25b601366bd6c0d67c53ad84f9559
NeoBundleLock vim-go b26351b55a7a44e29f1bde3b82ead43a6980760d
NeoBundleLock vim-jade 999cd2859a7772de707a70afc97f5a7d41a82df9
NeoBundleLock vim-javascript-syntax e7b2c327d4e7311097e7cd68f0e54f65e3a7be1a
NeoBundleLock vim-less 6fae407f7ed666a6dd0fb596e67df8787dccca59
NeoBundleLock vim-multiple-cursors 0dfd3f91b0ea1c70be8873d0a9e5c7d00369610f
NeoBundleLock vim-mustache-handlebars d1c983f3dd9a159c128c5192062caf7d47fd0f14
NeoBundleLock vim-stylus 0514757a4795843978517ee73d7fa7d8bf2e5545
NeoBundleLock vim-vue fe47f2b397a29d508ab1a570e9757930e269caf1
