NeoBundleLock MatchTagAlways e59a8d1315343ff76802f0a44ff8b59e999d83f4
NeoBundleLock ag.vim 6600953fc7c85ca43216abf4765118994bf0cc5f
NeoBundleLock ctrlp.vim 564176f01d7f3f7f8ab452ff4e1f5314de7b0981
NeoBundleLock delimitMate 8bc47fd1c40cdad9ea1f36c0cf13592c70ea65e9
NeoBundleLock editorconfig-vim 5a3f8ac348e093125e839f6637f8cd34e10a5146
NeoBundleLock emmet-vim 0ccaa29dbde268888be21705b0de5de89b59ef48
NeoBundleLock fzf 82067463b8263692147d80b6fc909f1d98693d88
NeoBundleLock fzf.vim 00fdb54c9d64082d978504be84b1ff704d12437a
NeoBundleLock golden-ratio 1862c76ec2279ba8d5de4bf016b70067668b3be3
NeoBundleLock indentLine 9cb94e17354d98d6fb4f59b243144d4d34d0b654
NeoBundleLock neobundle.vim 8ea71a7c3303f043a127b2d1d1a41e81dc85c132
NeoBundleLock nerdtree 4ebbb533c3faf2c480211db2b547972bb3b60f2b
NeoBundleLock php.vim ca56841fa787d094e2f7d816e2a2db6fdb3ea65f
NeoBundleLock scss-syntax.vim a834e4357dd91252b507a6893ef19e8d932c5f83
NeoBundleLock syntastic de0106e839e6ee21a5dd3c42f1abb7d79d931bdd
NeoBundleLock taglist.vim 53041fbc45398a9af631a20657e109707a455339
NeoBundleLock tcomment_vim 52586e67db998a4df9160edc219bf587e3faa634
NeoBundleLock tmuxline.vim 1e638ef6b2673130db123f25b1ae1160c5289bb8
NeoBundleLock ultisnips 0657e61e61abdeeb98013629eabda7248c72cf0d
NeoBundleLock vim-airline 1887b782e38d1cb59351bac797a56af681abbc0e
NeoBundleLock vim-airline-themes 5a6453cddd9b873e8f54dadbcf531d238fed1ef3
NeoBundleLock vim-blade 2c6b9531cbae517848a956511bbacc8f1f896806
NeoBundleLock vim-coffee-script 32fe889b8cafd3a4921ef8e6485156453ff58c42
NeoBundleLock vim-coloresque 0c21b1469993e610600e88e734ffe90b9c10a514
NeoBundleLock vim-fugitive 9835920a3c91236021fc8c88cc4157304e24356b
NeoBundleLock vim-gitgutter e884a0e26dcce8d86c95c13fb3305fe065815eaf
NeoBundleLock vim-go a1cfa1175303942ca8cd32454d324a9e56b046fa
NeoBundleLock vim-hybrid cc58baabeabc7b83768e25b852bf89c34756bf90
NeoBundleLock vim-hybrid-material aa3216e1240eb39d3354fd808e72d63251bec69b
NeoBundleLock vim-jade 319cba1ee5313e8b50fd912d10dfe40a171f0312
NeoBundleLock vim-less 6fae407f7ed666a6dd0fb596e67df8787dccca59
NeoBundleLock vim-multiple-cursors 47c9e3fb11a202a9a2fa1d591ec990a41e4221c4
NeoBundleLock vim-mustache-handlebars d1c983f3dd9a159c128c5192062caf7d47fd0f14
NeoBundleLock vim-phpunit 6c71c9fc00045bb8a919af61060f2040bceae57c
NeoBundleLock vim-stylus 0514757a4795843978517ee73d7fa7d8bf2e5545
NeoBundleLock vim-vue 9375feca48525eb89754287e171dd10926cfaf5b
NeoBundleLock vimagit c5e02fb95120467cf9ab9b9b2462fe122eb2e59c
NeoBundleLock yajs.vim 6ce1b5b63070f1d1417ec46e4b59c93c21bc15b7
